// !$*UTF8*$!
{
	archiveVersion = 1;
	classes = {
	};
	objectVersion = 46;
	objects = {

/* Begin PBXBuildFile section */
		40431EDD2DA4CB4F7889DDFA /* Pods_YourPlaces.framework in Frameworks */ = {isa = PBXBuildFile; fileRef = 68B93EC6BC4857D634DC58E3 /* Pods_YourPlaces.framework */; };
		F62BA0D71EB2319A00943C5B /* PlaceInfoViewController.swift in Sources */ = {isa = PBXBuildFile; fileRef = F62BA0D61EB2319A00943C5B /* PlaceInfoViewController.swift */; };
		F64A3D1A1ED1BD77004A7632 /* ListOfPlacesTableViewController.swift in Sources */ = {isa = PBXBuildFile; fileRef = F64A3D191ED1BD77004A7632 /* ListOfPlacesTableViewController.swift */; };
		F64A3D1C1ED1BDAE004A7632 /* ListOfPlacesTableViewCell.swift in Sources */ = {isa = PBXBuildFile; fileRef = F64A3D1B1ED1BDAE004A7632 /* ListOfPlacesTableViewCell.swift */; };
		F64A3D1F1ED1D40D004A7632 /* Place.swift in Sources */ = {isa = PBXBuildFile; fileRef = F64A3D1E1ED1D40D004A7632 /* Place.swift */; };
		F68739CD1E9B9D9200DF166D /* CountryTableViewCell.swift in Sources */ = {isa = PBXBuildFile; fileRef = F68739CC1E9B9D9200DF166D /* CountryTableViewCell.swift */; };
		F68739CF1E9B9DAD00DF166D /* CountryTableViewController.swift in Sources */ = {isa = PBXBuildFile; fileRef = F68739CE1E9B9DAD00DF166D /* CountryTableViewController.swift */; };
		F68739D31E9B9FA000DF166D /* Country.swift in Sources */ = {isa = PBXBuildFile; fileRef = F68739D21E9B9FA000DF166D /* Country.swift */; };
		F68739D51E9BB90B00DF166D /* PlaceCategoryCollectionViewController.swift in Sources */ = {isa = PBXBuildFile; fileRef = F68739D41E9BB90B00DF166D /* PlaceCategoryCollectionViewController.swift */; };
		F68739DC1E9BBA5900DF166D /* CategoryCollectionViewCell.swift in Sources */ = {isa = PBXBuildFile; fileRef = F68739DB1E9BBA5900DF166D /* CategoryCollectionViewCell.swift */; };
		F6EA8D801E88368C0070D3DB /* AppDelegate.swift in Sources */ = {isa = PBXBuildFile; fileRef = F6EA8D7F1E88368C0070D3DB /* AppDelegate.swift */; };
		F6EA8D851E88368C0070D3DB /* Main.storyboard in Resources */ = {isa = PBXBuildFile; fileRef = F6EA8D831E88368C0070D3DB /* Main.storyboard */; };
		F6EA8D871E88368C0070D3DB /* Assets.xcassets in Resources */ = {isa = PBXBuildFile; fileRef = F6EA8D861E88368C0070D3DB /* Assets.xcassets */; };
		F6EA8D8A1E88368C0070D3DB /* LaunchScreen.storyboard in Resources */ = {isa = PBXBuildFile; fileRef = F6EA8D881E88368C0070D3DB /* LaunchScreen.storyboard */; };
		F6EA8D941E8923FB0070D3DB /* MapViewController.swift in Sources */ = {isa = PBXBuildFile; fileRef = F6EA8D931E8923FB0070D3DB /* MapViewController.swift */; };
		F6EA8D981E8934470070D3DB /* FavoritesViewController.swift in Sources */ = {isa = PBXBuildFile; fileRef = F6EA8D971E8934470070D3DB /* FavoritesViewController.swift */; };
		F6EA8D9A1E89348E0070D3DB /* HistoryViewController.swift in Sources */ = {isa = PBXBuildFile; fileRef = F6EA8D991E89348E0070D3DB /* HistoryViewController.swift */; };
/* End PBXBuildFile section */

/* Begin PBXFileReference section */
		02BA59D0282CB1AD9553DAE6 /* Pods-YourPlaces.release.xcconfig */ = {isa = PBXFileReference; includeInIndex = 1; lastKnownFileType = text.xcconfig; name = "Pods-YourPlaces.release.xcconfig"; path = "Pods/Target Support Files/Pods-YourPlaces/Pods-YourPlaces.release.xcconfig"; sourceTree = "<group>"; };
		68B93EC6BC4857D634DC58E3 /* Pods_YourPlaces.framework */ = {isa = PBXFileReference; explicitFileType = wrapper.framework; includeInIndex = 0; path = Pods_YourPlaces.framework; sourceTree = BUILT_PRODUCTS_DIR; };
		E876ACC6EDE98EDD07015D93 /* Pods-YourPlaces.debug.xcconfig */ = {isa = PBXFileReference; includeInIndex = 1; lastKnownFileType = text.xcconfig; name = "Pods-YourPlaces.debug.xcconfig"; path = "Pods/Target Support Files/Pods-YourPlaces/Pods-YourPlaces.debug.xcconfig"; sourceTree = "<group>"; };
		F62BA0D61EB2319A00943C5B /* PlaceInfoViewController.swift */ = {isa = PBXFileReference; fileEncoding = 4; lastKnownFileType = sourcecode.swift; path = PlaceInfoViewController.swift; sourceTree = "<group>"; };
		F64A3D191ED1BD77004A7632 /* ListOfPlacesTableViewController.swift */ = {isa = PBXFileReference; fileEncoding = 4; lastKnownFileType = sourcecode.swift; path = ListOfPlacesTableViewController.swift; sourceTree = "<group>"; };
		F64A3D1B1ED1BDAE004A7632 /* ListOfPlacesTableViewCell.swift */ = {isa = PBXFileReference; fileEncoding = 4; lastKnownFileType = sourcecode.swift; path = ListOfPlacesTableViewCell.swift; sourceTree = "<group>"; };
		F64A3D1E1ED1D40D004A7632 /* Place.swift */ = {isa = PBXFileReference; fileEncoding = 4; lastKnownFileType = sourcecode.swift; path = Place.swift; sourceTree = "<group>"; };
		F68739CC1E9B9D9200DF166D /* CountryTableViewCell.swift */ = {isa = PBXFileReference; fileEncoding = 4; lastKnownFileType = sourcecode.swift; path = CountryTableViewCell.swift; sourceTree = "<group>"; };
		F68739CE1E9B9DAD00DF166D /* CountryTableViewController.swift */ = {isa = PBXFileReference; fileEncoding = 4; lastKnownFileType = sourcecode.swift; path = CountryTableViewController.swift; sourceTree = "<group>"; };
		F68739D21E9B9FA000DF166D /* Country.swift */ = {isa = PBXFileReference; fileEncoding = 4; lastKnownFileType = sourcecode.swift; path = Country.swift; sourceTree = "<group>"; };
		F68739D41E9BB90B00DF166D /* PlaceCategoryCollectionViewController.swift */ = {isa = PBXFileReference; fileEncoding = 4; lastKnownFileType = sourcecode.swift; path = PlaceCategoryCollectionViewController.swift; sourceTree = "<group>"; };
		F68739DB1E9BBA5900DF166D /* CategoryCollectionViewCell.swift */ = {isa = PBXFileReference; fileEncoding = 4; lastKnownFileType = sourcecode.swift; path = CategoryCollectionViewCell.swift; sourceTree = "<group>"; };
		F6EA8D7C1E88368C0070D3DB /* YourPlaces.app */ = {isa = PBXFileReference; explicitFileType = wrapper.application; includeInIndex = 0; path = YourPlaces.app; sourceTree = BUILT_PRODUCTS_DIR; };
		F6EA8D7F1E88368C0070D3DB /* AppDelegate.swift */ = {isa = PBXFileReference; lastKnownFileType = sourcecode.swift; path = AppDelegate.swift; sourceTree = "<group>"; };
		F6EA8D841E88368C0070D3DB /* Base */ = {isa = PBXFileReference; lastKnownFileType = file.storyboard; name = Base; path = Base.lproj/Main.storyboard; sourceTree = "<group>"; };
		F6EA8D861E88368C0070D3DB /* Assets.xcassets */ = {isa = PBXFileReference; lastKnownFileType = folder.assetcatalog; path = Assets.xcassets; sourceTree = "<group>"; };
		F6EA8D891E88368C0070D3DB /* Base */ = {isa = PBXFileReference; lastKnownFileType = file.storyboard; name = Base; path = Base.lproj/LaunchScreen.storyboard; sourceTree = "<group>"; };
		F6EA8D8B1E88368C0070D3DB /* Info.plist */ = {isa = PBXFileReference; lastKnownFileType = text.plist.xml; path = Info.plist; sourceTree = "<group>"; };
		F6EA8D931E8923FB0070D3DB /* MapViewController.swift */ = {isa = PBXFileReference; fileEncoding = 4; lastKnownFileType = sourcecode.swift; path = MapViewController.swift; sourceTree = "<group>"; };
		F6EA8D971E8934470070D3DB /* FavoritesViewController.swift */ = {isa = PBXFileReference; fileEncoding = 4; lastKnownFileType = sourcecode.swift; path = FavoritesViewController.swift; sourceTree = "<group>"; };
		F6EA8D991E89348E0070D3DB /* HistoryViewController.swift */ = {isa = PBXFileReference; fileEncoding = 4; lastKnownFileType = sourcecode.swift; path = HistoryViewController.swift; sourceTree = "<group>"; };
/* End PBXFileReference section */

/* Begin PBXFrameworksBuildPhase section */
		F6EA8D791E88368C0070D3DB /* Frameworks */ = {
			isa = PBXFrameworksBuildPhase;
			buildActionMask = 2147483647;
			files = (
				40431EDD2DA4CB4F7889DDFA /* Pods_YourPlaces.framework in Frameworks */,
			);
			runOnlyForDeploymentPostprocessing = 0;
		};
/* End PBXFrameworksBuildPhase section */

/* Begin PBXGroup section */
		8CD159470A81B63C3FC87F74 /* Frameworks */ = {
			isa = PBXGroup;
			children = (
				68B93EC6BC4857D634DC58E3 /* Pods_YourPlaces.framework */,
			);
			name = Frameworks;
			sourceTree = "<group>";
		};
		C044B6A592CAE7399B601635 /* Pods */ = {
			isa = PBXGroup;
			children = (
				E876ACC6EDE98EDD07015D93 /* Pods-YourPlaces.debug.xcconfig */,
				02BA59D0282CB1AD9553DAE6 /* Pods-YourPlaces.release.xcconfig */,
			);
			name = Pods;
			sourceTree = "<group>";
		};
		F64A3D171ED1BB02004A7632 /* PlaceInfo screen */ = {
			isa = PBXGroup;
			children = (
				F62BA0D61EB2319A00943C5B /* PlaceInfoViewController.swift */,
			);
			name = "PlaceInfo screen";
			sourceTree = "<group>";
		};
		F64A3D181ED1BD05004A7632 /* ListOfPlaces screen */ = {
			isa = PBXGroup;
			children = (
				F64A3D191ED1BD77004A7632 /* ListOfPlacesTableViewController.swift */,
				F64A3D1B1ED1BDAE004A7632 /* ListOfPlacesTableViewCell.swift */,
			);
			name = "ListOfPlaces screen";
			sourceTree = "<group>";
		};
		F64A3D1D1ED1BE47004A7632 /* Model */ = {
			isa = PBXGroup;
			children = (
				F68739D21E9B9FA000DF166D /* Country.swift */,
				F64A3D1E1ED1D40D004A7632 /* Place.swift */,
			);
			name = Model;
			sourceTree = "<group>";
		};
		F68739BD1E9AF1DA00DF166D /* Search screen */ = {
			isa = PBXGroup;
			children = (
				F68739CE1E9B9DAD00DF166D /* CountryTableViewController.swift */,
				F68739CC1E9B9D9200DF166D /* CountryTableViewCell.swift */,
			);
			name = "Search screen";
			sourceTree = "<group>";
		};
		F68739D61E9BB9A600DF166D /* PlaceCategory screen */ = {
			isa = PBXGroup;
			children = (
				F68739D41E9BB90B00DF166D /* PlaceCategoryCollectionViewController.swift */,
				F68739DB1E9BBA5900DF166D /* CategoryCollectionViewCell.swift */,
			);
			name = "PlaceCategory screen";
			sourceTree = "<group>";
		};
		F68739D71E9BB9C200DF166D /* Map screen */ = {
			isa = PBXGroup;
			children = (
				F6EA8D931E8923FB0070D3DB /* MapViewController.swift */,
			);
			name = "Map screen";
			sourceTree = "<group>";
		};
		F68739D81E9BB9DD00DF166D /* PlaceFavorite screen */ = {
			isa = PBXGroup;
			children = (
				F6EA8D971E8934470070D3DB /* FavoritesViewController.swift */,
			);
			name = "PlaceFavorite screen";
			sourceTree = "<group>";
		};
		F68739D91E9BB9F800DF166D /* PlaceHistory screen */ = {
			isa = PBXGroup;
			children = (
				F6EA8D991E89348E0070D3DB /* HistoryViewController.swift */,
			);
			name = "PlaceHistory screen";
			sourceTree = "<group>";
		};
		F6EA8D731E88368C0070D3DB = {
			isa = PBXGroup;
			children = (
				F6EA8D7E1E88368C0070D3DB /* YourPlaces */,
				F6EA8D7D1E88368C0070D3DB /* Products */,
				C044B6A592CAE7399B601635 /* Pods */,
				8CD159470A81B63C3FC87F74 /* Frameworks */,
			);
			sourceTree = "<group>";
		};
		F6EA8D7D1E88368C0070D3DB /* Products */ = {
			isa = PBXGroup;
			children = (
				F6EA8D7C1E88368C0070D3DB /* YourPlaces.app */,
			);
			name = Products;
			sourceTree = "<group>";
		};
		F6EA8D7E1E88368C0070D3DB /* YourPlaces */ = {
			isa = PBXGroup;
			children = (
				F64A3D1D1ED1BE47004A7632 /* Model */,
				F64A3D181ED1BD05004A7632 /* ListOfPlaces screen */,
				F64A3D171ED1BB02004A7632 /* PlaceInfo screen */,
				F68739D91E9BB9F800DF166D /* PlaceHistory screen */,
				F68739D81E9BB9DD00DF166D /* PlaceFavorite screen */,
				F68739D61E9BB9A600DF166D /* PlaceCategory screen */,
				F68739D71E9BB9C200DF166D /* Map screen */,
				F68739BD1E9AF1DA00DF166D /* Search screen */,
				F6EA8D7F1E88368C0070D3DB /* AppDelegate.swift */,
				F6EA8D831E88368C0070D3DB /* Main.storyboard */,
				F6EA8D861E88368C0070D3DB /* Assets.xcassets */,
				F6EA8D881E88368C0070D3DB /* LaunchScreen.storyboard */,
				F6EA8D8B1E88368C0070D3DB /* Info.plist */,
			);
			path = YourPlaces;
			sourceTree = "<group>";
		};
/* End PBXGroup section */

/* Begin PBXNativeTarget section */
		F6EA8D7B1E88368C0070D3DB /* YourPlaces */ = {
			isa = PBXNativeTarget;
			buildConfigurationList = F6EA8D8E1E88368C0070D3DB /* Build configuration list for PBXNativeTarget "YourPlaces" */;
			buildPhases = (
				72D236F4A44B9C0A7E756CC0 /* [CP] Check Pods Manifest.lock */,
				F6EA8D781E88368C0070D3DB /* Sources */,
				F6EA8D791E88368C0070D3DB /* Frameworks */,
				F6EA8D7A1E88368C0070D3DB /* Resources */,
				1A68E694E766E87C588A765F /* [CP] Embed Pods Frameworks */,
				AC19300CD4BD494CBA30948C /* [CP] Copy Pods Resources */,
			);
			buildRules = (
			);
			dependencies = (
			);
			name = YourPlaces;
			productName = YourPlaces;
			productReference = F6EA8D7C1E88368C0070D3DB /* YourPlaces.app */;
			productType = "com.apple.product-type.application";
		};
/* End PBXNativeTarget section */

/* Begin PBXProject section */
		F6EA8D741E88368C0070D3DB /* Project object */ = {
			isa = PBXProject;
			attributes = {
				LastSwiftUpdateCheck = 0820;
				LastUpgradeCheck = 0820;
				TargetAttributes = {
					F6EA8D7B1E88368C0070D3DB = {
						CreatedOnToolsVersion = 8.2.1;
						ProvisioningStyle = Automatic;
					};
				};
			};
			buildConfigurationList = F6EA8D771E88368C0070D3DB /* Build configuration list for PBXProject "YourPlaces" */;
			compatibilityVersion = "Xcode 3.2";
			developmentRegion = English;
			hasScannedForEncodings = 0;
			knownRegions = (
				en,
				Base,
			);
			mainGroup = F6EA8D731E88368C0070D3DB;
			productRefGroup = F6EA8D7D1E88368C0070D3DB /* Products */;
			projectDirPath = "";
			projectRoot = "";
			targets = (
				F6EA8D7B1E88368C0070D3DB /* YourPlaces */,
			);
		};
/* End PBXProject section */

/* Begin PBXResourcesBuildPhase section */
		F6EA8D7A1E88368C0070D3DB /* Resources */ = {
			isa = PBXResourcesBuildPhase;
			buildActionMask = 2147483647;
			files = (
				F6EA8D8A1E88368C0070D3DB /* LaunchScreen.storyboard in Resources */,
				F6EA8D871E88368C0070D3DB /* Assets.xcassets in Resources */,
				F6EA8D851E88368C0070D3DB /* Main.storyboard in Resources */,
			);
			runOnlyForDeploymentPostprocessing = 0;
		};
/* End PBXResourcesBuildPhase section */

/* Begin PBXShellScriptBuildPhase section */
		1A68E694E766E87C588A765F /* [CP] Embed Pods Frameworks */ = {
			isa = PBXShellScriptBuildPhase;
			buildActionMask = 2147483647;
			files = (
			);
			inputPaths = (
			);
			name = "[CP] Embed Pods Frameworks";
			outputPaths = (
			);
			runOnlyForDeploymentPostprocessing = 0;
			shellPath = /bin/sh;
			shellScript = "\"${SRCROOT}/Pods/Target Support Files/Pods-YourPlaces/Pods-YourPlaces-frameworks.sh\"\n";
			showEnvVarsInLog = 0;
		};
		72D236F4A44B9C0A7E756CC0 /* [CP] Check Pods Manifest.lock */ = {
			isa = PBXShellScriptBuildPhase;
			buildActionMask = 2147483647;
			files = (
			);
			inputPaths = (
			);
			name = "[CP] Check Pods Manifest.lock";
			outputPaths = (
			);
			runOnlyForDeploymentPostprocessing = 0;
			shellPath = /bin/sh;
			shellScript = "diff \"${PODS_ROOT}/../Podfile.lock\" \"${PODS_ROOT}/Manifest.lock\" > /dev/null\nif [ $? != 0 ] ; then\n    # print error to STDERR\n    echo \"error: The sandbox is not in sync with the Podfile.lock. Run 'pod install' or update your CocoaPods installation.\" >&2\n    exit 1\nfi\n";
			showEnvVarsInLog = 0;
		};
		AC19300CD4BD494CBA30948C /* [CP] Copy Pods Resources */ = {
			isa = PBXShellScriptBuildPhase;
			buildActionMask = 2147483647;
			files = (
			);
			inputPaths = (
			);
			name = "[CP] Copy Pods Resources";
			outputPaths = (
			);
			runOnlyForDeploymentPostprocessing = 0;
			shellPath = /bin/sh;
			shellScript = "\"${SRCROOT}/Pods/Target Support Files/Pods-YourPlaces/Pods-YourPlaces-resources.sh\"\n";
			showEnvVarsInLog = 0;
		};
/* End PBXShellScriptBuildPhase section */

/* Begin PBXSourcesBuildPhase section */
		F6EA8D781E88368C0070D3DB /* Sources */ = {
			isa = PBXSourcesBuildPhase;
			buildActionMask = 2147483647;
			files = (
				F68739D31E9B9FA000DF166D /* Country.swift in Sources */,
				F64A3D1F1ED1D40D004A7632 /* Place.swift in Sources */,
				F68739D51E9BB90B00DF166D /* PlaceCategoryCollectionViewController.swift in Sources */,
				F6EA8D941E8923FB0070D3DB /* MapViewController.swift in Sources */,
				F64A3D1A1ED1BD77004A7632 /* ListOfPlacesTableViewController.swift in Sources */,
				F6EA8D981E8934470070D3DB /* FavoritesViewController.swift in Sources */,
				F64A3D1C1ED1BDAE004A7632 /* ListOfPlacesTableViewCell.swift in Sources */,
				F62BA0D71EB2319A00943C5B /* PlaceInfoViewController.swift in Sources */,
				F6EA8D9A1E89348E0070D3DB /* HistoryViewController.swift in Sources */,
				F68739CF1E9B9DAD00DF166D /* CountryTableViewController.swift in Sources */,
				F68739DC1E9BBA5900DF166D /* CategoryCollectionViewCell.swift in Sources */,
				F68739CD1E9B9D9200DF166D /* CountryTableViewCell.swift in Sources */,
				F6EA8D801E88368C0070D3DB /* AppDelegate.swift in Sources */,
			);
			runOnlyForDeploymentPostprocessing = 0;
		};
/* End PBXSourcesBuildPhase section */

/* Begin PBXVariantGroup section */
		F6EA8D831E88368C0070D3DB /* Main.storyboard */ = {
			isa = PBXVariantGroup;
			children = (
				F6EA8D841E88368C0070D3DB /* Base */,
			);
			name = Main.storyboard;
			sourceTree = "<group>";
		};
		F6EA8D881E88368C0070D3DB /* LaunchScreen.storyboard */ = {
			isa = PBXVariantGroup;
			children = (
				F6EA8D891E88368C0070D3DB /* Base */,
			);
			name = LaunchScreen.storyboard;
			sourceTree = "<group>";
		};
/* End PBXVariantGroup section */

/* Begin XCBuildConfiguration section */
		F6EA8D8C1E88368C0070D3DB /* Debug */ = {
			isa = XCBuildConfiguration;
			buildSettings = {
				ALWAYS_SEARCH_USER_PATHS = NO;
				CLANG_ANALYZER_NONNULL = YES;
				CLANG_CXX_LANGUAGE_STANDARD = "gnu++0x";
				CLANG_CXX_LIBRARY = "libc++";
				CLANG_ENABLE_MODULES = YES;
				CLANG_ENABLE_OBJC_ARC = YES;
				CLANG_WARN_BOOL_CONVERSION = YES;
				CLANG_WARN_CONSTANT_CONVERSION = YES;
				CLANG_WARN_DIRECT_OBJC_ISA_USAGE = YES_ERROR;
				CLANG_WARN_DOCUMENTATION_COMMENTS = YES;
				CLANG_WARN_EMPTY_BODY = YES;
				CLANG_WARN_ENUM_CONVERSION = YES;
				CLANG_WARN_INFINITE_RECURSION = YES;
				CLANG_WARN_INT_CONVERSION = YES;
				CLANG_WARN_OBJC_ROOT_CLASS = YES_ERROR;
				CLANG_WARN_SUSPICIOUS_MOVE = YES;
				CLANG_WARN_UNREACHABLE_CODE = YES;
				CLANG_WARN__DUPLICATE_METHOD_MATCH = YES;
				"CODE_SIGN_IDENTITY[sdk=iphoneos*]" = "iPhone Developer";
				COPY_PHASE_STRIP = NO;
				DEBUG_INFORMATION_FORMAT = dwarf;
				ENABLE_STRICT_OBJC_MSGSEND = YES;
				ENABLE_TESTABILITY = YES;
				GCC_C_LANGUAGE_STANDARD = gnu99;
				GCC_DYNAMIC_NO_PIC = NO;
				GCC_NO_COMMON_BLOCKS = YES;
				GCC_OPTIMIZATION_LEVEL = 0;
				GCC_PREPROCESSOR_DEFINITIONS = (
					"DEBUG=1",
					"$(inherited)",
				);
				GCC_WARN_64_TO_32_BIT_CONVERSION = YES;
				GCC_WARN_ABOUT_RETURN_TYPE = YES_ERROR;
				GCC_WARN_UNDECLARED_SELECTOR = YES;
				GCC_WARN_UNINITIALIZED_AUTOS = YES_AGGRESSIVE;
				GCC_WARN_UNUSED_FUNCTION = YES;
				GCC_WARN_UNUSED_VARIABLE = YES;
				IPHONEOS_DEPLOYMENT_TARGET = 10.2;
				MTL_ENABLE_DEBUG_INFO = YES;
				ONLY_ACTIVE_ARCH = YES;
				SDKROOT = iphoneos;
				SWIFT_ACTIVE_COMPILATION_CONDITIONS = DEBUG;
				SWIFT_OPTIMIZATION_LEVEL = "-Onone";
			};
			name = Debug;
		};
		F6EA8D8D1E88368C0070D3DB /* Release */ = {
			isa = XCBuildConfiguration;
			buildSettings = {
				ALWAYS_SEARCH_USER_PATHS = NO;
				CLANG_ANALYZER_NONNULL = YES;
				CLANG_CXX_LANGUAGE_STANDARD = "gnu++0x";
				CLANG_CXX_LIBRARY = "libc++";
				CLANG_ENABLE_MODULES = YES;
				CLANG_ENABLE_OBJC_ARC = YES;
				CLANG_WARN_BOOL_CONVERSION = YES;
				CLANG_WARN_CONSTANT_CONVERSION = YES;
				CLANG_WARN_DIRECT_OBJC_ISA_USAGE = YES_ERROR;
				CLANG_WARN_DOCUMENTATION_COMMENTS = YES;
				CLANG_WARN_EMPTY_BODY = YES;
				CLANG_WARN_ENUM_CONVERSION = YES;
				CLANG_WARN_INFINITE_RECURSION = YES;
				CLANG_WARN_INT_CONVERSION = YES;
				CLANG_WARN_OBJC_ROOT_CLASS = YES_ERROR;
				CLANG_WARN_SUSPICIOUS_MOVE = YES;
				CLANG_WARN_UNREACHABLE_CODE = YES;
				CLANG_WARN__DUPLICATE_METHOD_MATCH = YES;
				"CODE_SIGN_IDENTITY[sdk=iphoneos*]" = "iPhone Developer";
				COPY_PHASE_STRIP = NO;
				DEBUG_INFORMATION_FORMAT = "dwarf-with-dsym";
				ENABLE_NS_ASSERTIONS = NO;
				ENABLE_STRICT_OBJC_MSGSEND = YES;
				GCC_C_LANGUAGE_STANDARD = gnu99;
				GCC_NO_COMMON_BLOCKS = YES;
				GCC_WARN_64_TO_32_BIT_CONVERSION = YES;
				GCC_WARN_ABOUT_RETURN_TYPE = YES_ERROR;
				GCC_WARN_UNDECLARED_SELECTOR = YES;
				GCC_WARN_UNINITIALIZED_AUTOS = YES_AGGRESSIVE;
				GCC_WARN_UNUSED_FUNCTION = YES;
				GCC_WARN_UNUSED_VARIABLE = YES;
				IPHONEOS_DEPLOYMENT_TARGET = 10.2;
				MTL_ENABLE_DEBUG_INFO = NO;
				SDKROOT = iphoneos;
				SWIFT_OPTIMIZATION_LEVEL = "-Owholemodule";
				VALIDATE_PRODUCT = YES;
			};
			name = Release;
		};
		F6EA8D8F1E88368C0070D3DB /* Debug */ = {
			isa = XCBuildConfiguration;
			baseConfigurationReference = E876ACC6EDE98EDD07015D93 /* Pods-YourPlaces.debug.xcconfig */;
			buildSettings = {
				ASSETCATALOG_COMPILER_APPICON_NAME = AppIcon;
				INFOPLIST_FILE = YourPlaces/Info.plist;
				LD_RUNPATH_SEARCH_PATHS = "$(inherited) @executable_path/Frameworks";
				PRODUCT_BUNDLE_IDENTIFIER = com.aaadtechpark2017.YourPlaces;
				PRODUCT_NAME = "$(TARGET_NAME)";
				SWIFT_VERSION = 3.0;
			};
			name = Debug;
		};
		F6EA8D901E88368C0070D3DB /* Release */ = {
			isa = XCBuildConfiguration;
			baseConfigurationReference = 02BA59D0282CB1AD9553DAE6 /* Pods-YourPlaces.release.xcconfig */;
			buildSettings = {
				ASSETCATALOG_COMPILER_APPICON_NAME = AppIcon;
				INFOPLIST_FILE = YourPlaces/Info.plist;
				LD_RUNPATH_SEARCH_PATHS = "$(inherited) @executable_path/Frameworks";
				PRODUCT_BUNDLE_IDENTIFIER = com.aaadtechpark2017.YourPlaces;
				PRODUCT_NAME = "$(TARGET_NAME)";
				SWIFT_VERSION = 3.0;
			};
			name = Release;
		};
/* End XCBuildConfiguration section */

/* Begin XCConfigurationList section */
		F6EA8D771E88368C0070D3DB /* Build configuration list for PBXProject "YourPlaces" */ = {
			isa = XCConfigurationList;
			buildConfigurations = (
				F6EA8D8C1E88368C0070D3DB /* Debug */,
				F6EA8D8D1E88368C0070D3DB /* Release */,
			);
			defaultConfigurationIsVisible = 0;
			defaultConfigurationName = Release;
		};
		F6EA8D8E1E88368C0070D3DB /* Build configuration list for PBXNativeTarget "YourPlaces" */ = {
			isa = XCConfigurationList;
			buildConfigurations = (
				F6EA8D8F1E88368C0070D3DB /* Debug */,
				F6EA8D901E88368C0070D3DB /* Release */,
			);
			defaultConfigurationIsVisible = 0;
			defaultConfigurationName = Release;
		};
/* End XCConfigurationList section */
	};
	rootObject = F6EA8D741E88368C0070D3DB /* Project object */;
}
